// !$*UTF8*$!
{
	archiveVersion = 1;
	classes = {
	};
	objectVersion = 77;
	objects = {

/* Begin PBXBuildFile section */
		0B8A16245D44DF2A71032DCD /* Pods_FastlaneCICD.framework in Frameworks */ = {isa = PBXBuildFile; fileRef = 490C6BADD1915512D32D9AEE /* Pods_FastlaneCICD.framework */; };
		8A64D8FADA98B7B00B08D554 /* Pods_FastlaneCICD_FastlaneCICDUITests.framework in Frameworks */ = {isa = PBXBuildFile; fileRef = D9042D033D0CA964EE8215D4 /* Pods_FastlaneCICD_FastlaneCICDUITests.framework */; };
		CAD6E32A187149FBF7C2B412 /* Pods_FastlaneCICDTests.framework in Frameworks */ = {isa = PBXBuildFile; fileRef = E479E94285240EB659642E01 /* Pods_FastlaneCICDTests.framework */; };
/* End PBXBuildFile section */

/* Begin PBXContainerItemProxy section */
		5C5195BB2E80DB11009BAF05 /* PBXContainerItemProxy */ = {
			isa = PBXContainerItemProxy;
			containerPortal = 5C5195A02E80DB0F009BAF05 /* Project object */;
			proxyType = 1;
			remoteGlobalIDString = 5C5195A72E80DB0F009BAF05;
			remoteInfo = FastlaneCICD;
		};
		5C5195C52E80DB11009BAF05 /* PBXContainerItemProxy */ = {
			isa = PBXContainerItemProxy;
			containerPortal = 5C5195A02E80DB0F009BAF05 /* Project object */;
			proxyType = 1;
			remoteGlobalIDString = 5C5195A72E80DB0F009BAF05;
			remoteInfo = FastlaneCICD;
		};
/* End PBXContainerItemProxy section */

/* Begin PBXFileReference section */
		10725530F4292B91A34D4D8A /* Pods-FastlaneCICD-FastlaneCICDUITests.release.xcconfig */ = {isa = PBXFileReference; includeInIndex = 1; lastKnownFileType = text.xcconfig; name = "Pods-FastlaneCICD-FastlaneCICDUITests.release.xcconfig"; path = "Target Support Files/Pods-FastlaneCICD-FastlaneCICDUITests/Pods-FastlaneCICD-FastlaneCICDUITests.release.xcconfig"; sourceTree = "<group>"; };
		490C6BADD1915512D32D9AEE /* Pods_FastlaneCICD.framework */ = {isa = PBXFileReference; explicitFileType = wrapper.framework; includeInIndex = 0; path = Pods_FastlaneCICD.framework; sourceTree = BUILT_PRODUCTS_DIR; };
		53868492A1D7AE57AD4561DE /* Pods-FastlaneCICD-FastlaneCICDUITests.debug.xcconfig */ = {isa = PBXFileReference; includeInIndex = 1; lastKnownFileType = text.xcconfig; name = "Pods-FastlaneCICD-FastlaneCICDUITests.debug.xcconfig"; path = "Target Support Files/Pods-FastlaneCICD-FastlaneCICDUITests/Pods-FastlaneCICD-FastlaneCICDUITests.debug.xcconfig"; sourceTree = "<group>"; };
		5C5195A82E80DB0F009BAF05 /* FastlaneCICD.app */ = {isa = PBXFileReference; explicitFileType = wrapper.application; includeInIndex = 0; path = FastlaneCICD.app; sourceTree = BUILT_PRODUCTS_DIR; };
		5C5195BA2E80DB11009BAF05 /* FastlaneCICDTests.xctest */ = {isa = PBXFileReference; explicitFileType = wrapper.cfbundle; includeInIndex = 0; path = FastlaneCICDTests.xctest; sourceTree = BUILT_PRODUCTS_DIR; };
		5C5195C42E80DB11009BAF05 /* FastlaneCICDUITests.xctest */ = {isa = PBXFileReference; explicitFileType = wrapper.cfbundle; includeInIndex = 0; path = FastlaneCICDUITests.xctest; sourceTree = BUILT_PRODUCTS_DIR; };
		66EB694F028FF32A4E97ABC3 /* Pods-FastlaneCICDTests.release.xcconfig */ = {isa = PBXFileReference; includeInIndex = 1; lastKnownFileType = text.xcconfig; name = "Pods-FastlaneCICDTests.release.xcconfig"; path = "Target Support Files/Pods-FastlaneCICDTests/Pods-FastlaneCICDTests.release.xcconfig"; sourceTree = "<group>"; };
		7E50000384C76864245A3655 /* Pods-FastlaneCICD.release.xcconfig */ = {isa = PBXFileReference; includeInIndex = 1; lastKnownFileType = text.xcconfig; name = "Pods-FastlaneCICD.release.xcconfig"; path = "Target Support Files/Pods-FastlaneCICD/Pods-FastlaneCICD.release.xcconfig"; sourceTree = "<group>"; };
		C88BE27F1D0D896CFD28621F /* Pods-FastlaneCICDTests.debug.xcconfig */ = {isa = PBXFileReference; includeInIndex = 1; lastKnownFileType = text.xcconfig; name = "Pods-FastlaneCICDTests.debug.xcconfig"; path = "Target Support Files/Pods-FastlaneCICDTests/Pods-FastlaneCICDTests.debug.xcconfig"; sourceTree = "<group>"; };
		D9042D033D0CA964EE8215D4 /* Pods_FastlaneCICD_FastlaneCICDUITests.framework */ = {isa = PBXFileReference; explicitFileType = wrapper.framework; includeInIndex = 0; path = Pods_FastlaneCICD_FastlaneCICDUITests.framework; sourceTree = BUILT_PRODUCTS_DIR; };
		E479E94285240EB659642E01 /* Pods_FastlaneCICDTests.framework */ = {isa = PBXFileReference; explicitFileType = wrapper.framework; includeInIndex = 0; path = Pods_FastlaneCICDTests.framework; sourceTree = BUILT_PRODUCTS_DIR; };
		EFBF48BC482B5650D3AA973C /* Pods-FastlaneCICD.debug.xcconfig */ = {isa = PBXFileReference; includeInIndex = 1; lastKnownFileType = text.xcconfig; name = "Pods-FastlaneCICD.debug.xcconfig"; path = "Target Support Files/Pods-FastlaneCICD/Pods-FastlaneCICD.debug.xcconfig"; sourceTree = "<group>"; };
/* End PBXFileReference section */

/* Begin PBXFileSystemSynchronizedRootGroup section */
		5C5195AA2E80DB0F009BAF05 /* FastlaneCICD */ = {
			isa = PBXFileSystemSynchronizedRootGroup;
			exceptions = (
			);
			path = FastlaneCICD;
			sourceTree = "<group>";
		};
		5C5195BD2E80DB11009BAF05 /* FastlaneCICDTests */ = {
			isa = PBXFileSystemSynchronizedRootGroup;
			exceptions = (
			);
			path = FastlaneCICDTests;
			sourceTree = "<group>";
		};
		5C5195C72E80DB11009BAF05 /* FastlaneCICDUITests */ = {
			isa = PBXFileSystemSynchronizedRootGroup;
			exceptions = (
			);
			path = FastlaneCICDUITests;
			sourceTree = "<group>";
		};
/* End PBXFileSystemSynchronizedRootGroup section */

/* Begin PBXFrameworksBuildPhase section */
		5C5195A52E80DB0F009BAF05 /* Frameworks */ = {
			isa = PBXFrameworksBuildPhase;
			buildActionMask = 2147483647;
			files = (
				0B8A16245D44DF2A71032DCD /* Pods_FastlaneCICD.framework in Frameworks */,
			);
			runOnlyForDeploymentPostprocessing = 0;
		};
		5C5195B72E80DB11009BAF05 /* Frameworks */ = {
			isa = PBXFrameworksBuildPhase;
			buildActionMask = 2147483647;
			files = (
				CAD6E32A187149FBF7C2B412 /* Pods_FastlaneCICDTests.framework in Frameworks */,
			);
			runOnlyForDeploymentPostprocessing = 0;
		};
		5C5195C12E80DB11009BAF05 /* Frameworks */ = {
			isa = PBXFrameworksBuildPhase;
			buildActionMask = 2147483647;
			files = (
				8A64D8FADA98B7B00B08D554 /* Pods_FastlaneCICD_FastlaneCICDUITests.framework in Frameworks */,
			);
			runOnlyForDeploymentPostprocessing = 0;
		};
/* End PBXFrameworksBuildPhase section */

/* Begin PBXGroup section */
		150CC4D3E7842F3B70949ADD /* Frameworks */ = {
			isa = PBXGroup;
			children = (
				490C6BADD1915512D32D9AEE /* Pods_FastlaneCICD.framework */,
				D9042D033D0CA964EE8215D4 /* Pods_FastlaneCICD_FastlaneCICDUITests.framework */,
				E479E94285240EB659642E01 /* Pods_FastlaneCICDTests.framework */,
			);
			name = Frameworks;
			sourceTree = "<group>";
		};
		5C51959F2E80DB0F009BAF05 = {
			isa = PBXGroup;
			children = (
				5C5195AA2E80DB0F009BAF05 /* FastlaneCICD */,
				5C5195BD2E80DB11009BAF05 /* FastlaneCICDTests */,
				5C5195C72E80DB11009BAF05 /* FastlaneCICDUITests */,
				5C5195A92E80DB0F009BAF05 /* Products */,
				9549C84BF6D14A2A4BB6E28E /* Pods */,
				150CC4D3E7842F3B70949ADD /* Frameworks */,
			);
			sourceTree = "<group>";
		};
		5C5195A92E80DB0F009BAF05 /* Products */ = {
			isa = PBXGroup;
			children = (
				5C5195A82E80DB0F009BAF05 /* FastlaneCICD.app */,
				5C5195BA2E80DB11009BAF05 /* FastlaneCICDTests.xctest */,
				5C5195C42E80DB11009BAF05 /* FastlaneCICDUITests.xctest */,
			);
			name = Products;
			sourceTree = "<group>";
		};
		9549C84BF6D14A2A4BB6E28E /* Pods */ = {
			isa = PBXGroup;
			children = (
				EFBF48BC482B5650D3AA973C /* Pods-FastlaneCICD.debug.xcconfig */,
				7E50000384C76864245A3655 /* Pods-FastlaneCICD.release.xcconfig */,
				53868492A1D7AE57AD4561DE /* Pods-FastlaneCICD-FastlaneCICDUITests.debug.xcconfig */,
				10725530F4292B91A34D4D8A /* Pods-FastlaneCICD-FastlaneCICDUITests.release.xcconfig */,
				C88BE27F1D0D896CFD28621F /* Pods-FastlaneCICDTests.debug.xcconfig */,
				66EB694F028FF32A4E97ABC3 /* Pods-FastlaneCICDTests.release.xcconfig */,
			);
			name = Pods;
			path = Pods;
			sourceTree = "<group>";
		};
/* End PBXGroup section */

/* Begin PBXNativeTarget section */
		5C5195A72E80DB0F009BAF05 /* FastlaneCICD */ = {
			isa = PBXNativeTarget;
			buildConfigurationList = 5C5195CE2E80DB11009BAF05 /* Build configuration list for PBXNativeTarget "FastlaneCICD" */;
			buildPhases = (
				566C5FB720E0C4C5661312A8 /* [CP] Check Pods Manifest.lock */,
				5C5195A42E80DB0F009BAF05 /* Sources */,
				5C5195A52E80DB0F009BAF05 /* Frameworks */,
				5C5195A62E80DB0F009BAF05 /* Resources */,
			);
			buildRules = (
			);
			dependencies = (
			);
			fileSystemSynchronizedGroups = (
				5C5195AA2E80DB0F009BAF05 /* FastlaneCICD */,
			);
			name = FastlaneCICD;
			productName = FastlaneCICD;
			productReference = 5C5195A82E80DB0F009BAF05 /* FastlaneCICD.app */;
			productType = "com.apple.product-type.application";
		};
		5C5195B92E80DB11009BAF05 /* FastlaneCICDTests */ = {
			isa = PBXNativeTarget;
			buildConfigurationList = 5C5195D12E80DB11009BAF05 /* Build configuration list for PBXNativeTarget "FastlaneCICDTests" */;
			buildPhases = (
				048C78DCE159CB4090C633B5 /* [CP] Check Pods Manifest.lock */,
				5C5195B62E80DB11009BAF05 /* Sources */,
				5C5195B72E80DB11009BAF05 /* Frameworks */,
				5C5195B82E80DB11009BAF05 /* Resources */,
			);
			buildRules = (
			);
			dependencies = (
				5C5195BC2E80DB11009BAF05 /* PBXTargetDependency */,
			);
			fileSystemSynchronizedGroups = (
				5C5195BD2E80DB11009BAF05 /* FastlaneCICDTests */,
			);
			name = FastlaneCICDTests;
			productName = FastlaneCICDTests;
			productReference = 5C5195BA2E80DB11009BAF05 /* FastlaneCICDTests.xctest */;
			productType = "com.apple.product-type.bundle.unit-test";
		};
		5C5195C32E80DB11009BAF05 /* FastlaneCICDUITests */ = {
			isa = PBXNativeTarget;
			buildConfigurationList = 5C5195D42E80DB11009BAF05 /* Build configuration list for PBXNativeTarget "FastlaneCICDUITests" */;
			buildPhases = (
				B89C93FB9C01A00CE00A9B4B /* [CP] Check Pods Manifest.lock */,
				5C5195C02E80DB11009BAF05 /* Sources */,
				5C5195C12E80DB11009BAF05 /* Frameworks */,
				5C5195C22E80DB11009BAF05 /* Resources */,
			);
			buildRules = (
			);
			dependencies = (
				5C5195C62E80DB11009BAF05 /* PBXTargetDependency */,
			);
			fileSystemSynchronizedGroups = (
				5C5195C72E80DB11009BAF05 /* FastlaneCICDUITests */,
			);
			name = FastlaneCICDUITests;
			productName = FastlaneCICDUITests;
			productReference = 5C5195C42E80DB11009BAF05 /* FastlaneCICDUITests.xctest */;
			productType = "com.apple.product-type.bundle.ui-testing";
		};
/* End PBXNativeTarget section */

/* Begin PBXProject section */
		5C5195A02E80DB0F009BAF05 /* Project object */ = {
			isa = PBXProject;
			attributes = {
				BuildIndependentTargetsInParallel = 1;
				LastSwiftUpdateCheck = 1630;
				LastUpgradeCheck = 1630;
				TargetAttributes = {
					5C5195A72E80DB0F009BAF05 = {
						CreatedOnToolsVersion = 16.3;
					};
					5C5195B92E80DB11009BAF05 = {
						CreatedOnToolsVersion = 16.3;
						TestTargetID = 5C5195A72E80DB0F009BAF05;
					};
					5C5195C32E80DB11009BAF05 = {
						CreatedOnToolsVersion = 16.3;
						TestTargetID = 5C5195A72E80DB0F009BAF05;
					};
				};
			};
			buildConfigurationList = 5C5195A32E80DB0F009BAF05 /* Build configuration list for PBXProject "FastlaneCICD" */;
			developmentRegion = en;
			hasScannedForEncodings = 0;
			knownRegions = (
				en,
				Base,
			);
			mainGroup = 5C51959F2E80DB0F009BAF05;
			minimizedProjectReferenceProxies = 1;
			preferredProjectObjectVersion = 77;
			productRefGroup = 5C5195A92E80DB0F009BAF05 /* Products */;
			projectDirPath = "";
			projectRoot = "";
			targets = (
				5C5195A72E80DB0F009BAF05 /* FastlaneCICD */,
				5C5195B92E80DB11009BAF05 /* FastlaneCICDTests */,
				5C5195C32E80DB11009BAF05 /* FastlaneCICDUITests */,
			);
		};
/* End PBXProject section */

/* Begin PBXResourcesBuildPhase section */
		5C5195A62E80DB0F009BAF05 /* Resources */ = {
			isa = PBXResourcesBuildPhase;
			buildActionMask = 2147483647;
			files = (
			);
			runOnlyForDeploymentPostprocessing = 0;
		};
		5C5195B82E80DB11009BAF05 /* Resources */ = {
			isa = PBXResourcesBuildPhase;
			buildActionMask = 2147483647;
			files = (
			);
			runOnlyForDeploymentPostprocessing = 0;
		};
		5C5195C22E80DB11009BAF05 /* Resources */ = {
			isa = PBXResourcesBuildPhase;
			buildActionMask = 2147483647;
			files = (
			);
			runOnlyForDeploymentPostprocessing = 0;
		};
/* End PBXResourcesBuildPhase section */

/* Begin PBXShellScriptBuildPhase section */
		048C78DCE159CB4090C633B5 /* [CP] Check Pods Manifest.lock */ = {
			isa = PBXShellScriptBuildPhase;
			buildActionMask = 2147483647;
			files = (
			);
			inputFileListPaths = (
			);
			inputPaths = (
				"${PODS_PODFILE_DIR_PATH}/Podfile.lock",
				"${PODS_ROOT}/Manifest.lock",
			);
			name = "[CP] Check Pods Manifest.lock";
			outputFileListPaths = (
			);
			outputPaths = (
				"$(DERIVED_FILE_DIR)/Pods-FastlaneCICDTests-checkManifestLockResult.txt",
			);
			runOnlyForDeploymentPostprocessing = 0;
			shellPath = /bin/sh;
			shellScript = "diff \"${PODS_PODFILE_DIR_PATH}/Podfile.lock\" \"${PODS_ROOT}/Manifest.lock\" > /dev/null\nif [ $? != 0 ] ; then\n    # print error to STDERR\n    echo \"error: The sandbox is not in sync with the Podfile.lock. Run 'pod install' or update your CocoaPods installation.\" >&2\n    exit 1\nfi\n# This output is used by Xcode 'outputs' to avoid re-running this script phase.\necho \"SUCCESS\" > \"${SCRIPT_OUTPUT_FILE_0}\"\n";
			showEnvVarsInLog = 0;
		};
		566C5FB720E0C4C5661312A8 /* [CP] Check Pods Manifest.lock */ = {
			isa = PBXShellScriptBuildPhase;
			buildActionMask = 2147483647;
			files = (
			);
			inputFileListPaths = (
			);
			inputPaths = (
				"${PODS_PODFILE_DIR_PATH}/Podfile.lock",
				"${PODS_ROOT}/Manifest.lock",
			);
			name = "[CP] Check Pods Manifest.lock";
			outputFileListPaths = (
			);
			outputPaths = (
				"$(DERIVED_FILE_DIR)/Pods-FastlaneCICD-checkManifestLockResult.txt",
			);
			runOnlyForDeploymentPostprocessing = 0;
			shellPath = /bin/sh;
			shellScript = "diff \"${PODS_PODFILE_DIR_PATH}/Podfile.lock\" \"${PODS_ROOT}/Manifest.lock\" > /dev/null\nif [ $? != 0 ] ; then\n    # print error to STDERR\n    echo \"error: The sandbox is not in sync with the Podfile.lock. Run 'pod install' or update your CocoaPods installation.\" >&2\n    exit 1\nfi\n# This output is used by Xcode 'outputs' to avoid re-running this script phase.\necho \"SUCCESS\" > \"${SCRIPT_OUTPUT_FILE_0}\"\n";
			showEnvVarsInLog = 0;
		};
		B89C93FB9C01A00CE00A9B4B /* [CP] Check Pods Manifest.lock */ = {
			isa = PBXShellScriptBuildPhase;
			buildActionMask = 2147483647;
			files = (
			);
			inputFileListPaths = (
			);
			inputPaths = (
				"${PODS_PODFILE_DIR_PATH}/Podfile.lock",
				"${PODS_ROOT}/Manifest.lock",
			);
			name = "[CP] Check Pods Manifest.lock";
			outputFileListPaths = (
			);
			outputPaths = (
				"$(DERIVED_FILE_DIR)/Pods-FastlaneCICD-FastlaneCICDUITests-checkManifestLockResult.txt",
			);
			runOnlyForDeploymentPostprocessing = 0;
			shellPath = /bin/sh;
			shellScript = "diff \"${PODS_PODFILE_DIR_PATH}/Podfile.lock\" \"${PODS_ROOT}/Manifest.lock\" > /dev/null\nif [ $? != 0 ] ; then\n    # print error to STDERR\n    echo \"error: The sandbox is not in sync with the Podfile.lock. Run 'pod install' or update your CocoaPods installation.\" >&2\n    exit 1\nfi\n# This output is used by Xcode 'outputs' to avoid re-running this script phase.\necho \"SUCCESS\" > \"${SCRIPT_OUTPUT_FILE_0}\"\n";
			showEnvVarsInLog = 0;
		};
/* End PBXShellScriptBuildPhase section */

/* Begin PBXSourcesBuildPhase section */
		5C5195A42E80DB0F009BAF05 /* Sources */ = {
			isa = PBXSourcesBuildPhase;
			buildActionMask = 2147483647;
			files = (
			);
			runOnlyForDeploymentPostprocessing = 0;
		};
		5C5195B62E80DB11009BAF05 /* Sources */ = {
			isa = PBXSourcesBuildPhase;
			buildActionMask = 2147483647;
			files = (
			);
			runOnlyForDeploymentPostprocessing = 0;
		};
		5C5195C02E80DB11009BAF05 /* Sources */ = {
			isa = PBXSourcesBuildPhase;
			buildActionMask = 2147483647;
			files = (
			);
			runOnlyForDeploymentPostprocessing = 0;
		};
/* End PBXSourcesBuildPhase section */

/* Begin PBXTargetDependency section */
		5C5195BC2E80DB11009BAF05 /* PBXTargetDependency */ = {
			isa = PBXTargetDependency;
			target = 5C5195A72E80DB0F009BAF05 /* FastlaneCICD */;
			targetProxy = 5C5195BB2E80DB11009BAF05 /* PBXContainerItemProxy */;
		};
		5C5195C62E80DB11009BAF05 /* PBXTargetDependency */ = {
			isa = PBXTargetDependency;
			target = 5C5195A72E80DB0F009BAF05 /* FastlaneCICD */;
			targetProxy = 5C5195C52E80DB11009BAF05 /* PBXContainerItemProxy */;
		};
/* End PBXTargetDependency section */

/* Begin XCBuildConfiguration section */
		5C5195CC2E80DB11009BAF05 /* Debug */ = {
			isa = XCBuildConfiguration;
			buildSettings = {
				ALWAYS_SEARCH_USER_PATHS = NO;
				ASSETCATALOG_COMPILER_GENERATE_SWIFT_ASSET_SYMBOL_EXTENSIONS = YES;
				CLANG_ANALYZER_NONNULL = YES;
				CLANG_ANALYZER_NUMBER_OBJECT_CONVERSION = YES_AGGRESSIVE;
				CLANG_CXX_LANGUAGE_STANDARD = "gnu++20";
				CLANG_ENABLE_MODULES = YES;
				CLANG_ENABLE_OBJC_ARC = YES;
				CLANG_ENABLE_OBJC_WEAK = YES;
				CLANG_WARN_BLOCK_CAPTURE_AUTORELEASING = YES;
				CLANG_WARN_BOOL_CONVERSION = YES;
				CLANG_WARN_COMMA = YES;
				CLANG_WARN_CONSTANT_CONVERSION = YES;
				CLANG_WARN_DEPRECATED_OBJC_IMPLEMENTATIONS = YES;
				CLANG_WARN_DIRECT_OBJC_ISA_USAGE = YES_ERROR;
				CLANG_WARN_DOCUMENTATION_COMMENTS = YES;
				CLANG_WARN_EMPTY_BODY = YES;
				CLANG_WARN_ENUM_CONVERSION = YES;
				CLANG_WARN_INFINITE_RECURSION = YES;
				CLANG_WARN_INT_CONVERSION = YES;
				CLANG_WARN_NON_LITERAL_NULL_CONVERSION = YES;
				CLANG_WARN_OBJC_IMPLICIT_RETAIN_SELF = YES;
				CLANG_WARN_OBJC_LITERAL_CONVERSION = YES;
				CLANG_WARN_OBJC_ROOT_CLASS = YES_ERROR;
				CLANG_WARN_QUOTED_INCLUDE_IN_FRAMEWORK_HEADER = YES;
				CLANG_WARN_RANGE_LOOP_ANALYSIS = YES;
				CLANG_WARN_STRICT_PROTOTYPES = YES;
				CLANG_WARN_SUSPICIOUS_MOVE = YES;
				CLANG_WARN_UNGUARDED_AVAILABILITY = YES_AGGRESSIVE;
				CLANG_WARN_UNREACHABLE_CODE = YES;
				CLANG_WARN__DUPLICATE_METHOD_MATCH = YES;
				COPY_PHASE_STRIP = NO;
				DEBUG_INFORMATION_FORMAT = dwarf;
				DEVELOPMENT_TEAM = UJRJQRKA3V;
				ENABLE_STRICT_OBJC_MSGSEND = YES;
				ENABLE_TESTABILITY = YES;
				ENABLE_USER_SCRIPT_SANDBOXING = YES;
				GCC_C_LANGUAGE_STANDARD = gnu17;
				GCC_DYNAMIC_NO_PIC = NO;
				GCC_NO_COMMON_BLOCKS = YES;
				GCC_OPTIMIZATION_LEVEL = 0;
				GCC_PREPROCESSOR_DEFINITIONS = (
					"DEBUG=1",
					"$(inherited)",
				);
				GCC_WARN_64_TO_32_BIT_CONVERSION = YES;
				GCC_WARN_ABOUT_RETURN_TYPE = YES_ERROR;
				GCC_WARN_UNDECLARED_SELECTOR = YES;
				GCC_WARN_UNINITIALIZED_AUTOS = YES_AGGRESSIVE;
				GCC_WARN_UNUSED_FUNCTION = YES;
				GCC_WARN_UNUSED_VARIABLE = YES;
				IPHONEOS_DEPLOYMENT_TARGET = 18.4;
				LOCALIZATION_PREFERS_STRING_CATALOGS = YES;
				MTL_ENABLE_DEBUG_INFO = INCLUDE_SOURCE;
				MTL_FAST_MATH = YES;
				ONLY_ACTIVE_ARCH = YES;
				SDKROOT = iphoneos;
				SWIFT_ACTIVE_COMPILATION_CONDITIONS = "DEBUG $(inherited)";
				SWIFT_OPTIMIZATION_LEVEL = "-Onone";
			};
			name = Debug;
		};
		5C5195CD2E80DB11009BAF05 /* Release */ = {
			isa = XCBuildConfiguration;
			buildSettings = {
				ALWAYS_SEARCH_USER_PATHS = NO;
				ASSETCATALOG_COMPILER_GENERATE_SWIFT_ASSET_SYMBOL_EXTENSIONS = YES;
				CLANG_ANALYZER_NONNULL = YES;
				CLANG_ANALYZER_NUMBER_OBJECT_CONVERSION = YES_AGGRESSIVE;
				CLANG_CXX_LANGUAGE_STANDARD = "gnu++20";
				CLANG_ENABLE_MODULES = YES;
				CLANG_ENABLE_OBJC_ARC = YES;
				CLANG_ENABLE_OBJC_WEAK = YES;
				CLANG_WARN_BLOCK_CAPTURE_AUTORELEASING = YES;
				CLANG_WARN_BOOL_CONVERSION = YES;
				CLANG_WARN_COMMA = YES;
				CLANG_WARN_CONSTANT_CONVERSION = YES;
				CLANG_WARN_DEPRECATED_OBJC_IMPLEMENTATIONS = YES;
				CLANG_WARN_DIRECT_OBJC_ISA_USAGE = YES_ERROR;
				CLANG_WARN_DOCUMENTATION_COMMENTS = YES;
				CLANG_WARN_EMPTY_BODY = YES;
				CLANG_WARN_ENUM_CONVERSION = YES;
				CLANG_WARN_INFINITE_RECURSION = YES;
				CLANG_WARN_INT_CONVERSION = YES;
				CLANG_WARN_NON_LITERAL_NULL_CONVERSION = YES;
				CLANG_WARN_OBJC_IMPLICIT_RETAIN_SELF = YES;
				CLANG_WARN_OBJC_LITERAL_CONVERSION = YES;
				CLANG_WARN_OBJC_ROOT_CLASS = YES_ERROR;
				CLANG_WARN_QUOTED_INCLUDE_IN_FRAMEWORK_HEADER = YES;
				CLANG_WARN_RANGE_LOOP_ANALYSIS = YES;
				CLANG_WARN_STRICT_PROTOTYPES = YES;
				CLANG_WARN_SUSPICIOUS_MOVE = YES;
				CLANG_WARN_UNGUARDED_AVAILABILITY = YES_AGGRESSIVE;
				CLANG_WARN_UNREACHABLE_CODE = YES;
				CLANG_WARN__DUPLICATE_METHOD_MATCH = YES;
				COPY_PHASE_STRIP = NO;
				DEBUG_INFORMATION_FORMAT = "dwarf-with-dsym";
				DEVELOPMENT_TEAM = UJRJQRKA3V;
				ENABLE_NS_ASSERTIONS = NO;
				ENABLE_STRICT_OBJC_MSGSEND = YES;
				ENABLE_USER_SCRIPT_SANDBOXING = YES;
				GCC_C_LANGUAGE_STANDARD = gnu17;
				GCC_NO_COMMON_BLOCKS = YES;
				GCC_WARN_64_TO_32_BIT_CONVERSION = YES;
				GCC_WARN_ABOUT_RETURN_TYPE = YES_ERROR;
				GCC_WARN_UNDECLARED_SELECTOR = YES;
				GCC_WARN_UNINITIALIZED_AUTOS = YES_AGGRESSIVE;
				GCC_WARN_UNUSED_FUNCTION = YES;
				GCC_WARN_UNUSED_VARIABLE = YES;
				IPHONEOS_DEPLOYMENT_TARGET = 18.4;
				LOCALIZATION_PREFERS_STRING_CATALOGS = YES;
				MTL_ENABLE_DEBUG_INFO = NO;
				MTL_FAST_MATH = YES;
				SDKROOT = iphoneos;
				SWIFT_COMPILATION_MODE = wholemodule;
				VALIDATE_PRODUCT = YES;
			};
			name = Release;
		};
		5C5195CF2E80DB11009BAF05 /* Debug */ = {
			isa = XCBuildConfiguration;
			baseConfigurationReference = EFBF48BC482B5650D3AA973C /* Pods-FastlaneCICD.debug.xcconfig */;
			buildSettings = {
				ASSETCATALOG_COMPILER_APPICON_NAME = AppIcon;
				ASSETCATALOG_COMPILER_GLOBAL_ACCENT_COLOR_NAME = AccentColor;
				CODE_SIGN_STYLE = Automatic;
				CURRENT_PROJECT_VERSION = 1;
				DEVELOPMENT_TEAM = UJRJQRKA3V;
				ENABLE_PREVIEWS = YES;
				GENERATE_INFOPLIST_FILE = YES;
				INFOPLIST_KEY_UIApplicationSceneManifest_Generation = YES;
				INFOPLIST_KEY_UIApplicationSupportsIndirectInputEvents = YES;
				INFOPLIST_KEY_UILaunchScreen_Generation = YES;
				INFOPLIST_KEY_UISupportedInterfaceOrientations_iPad = "UIInterfaceOrientationPortrait UIInterfaceOrientationPortraitUpsideDown UIInterfaceOrientationLandscapeLeft UIInterfaceOrientationLandscapeRight";
				INFOPLIST_KEY_UISupportedInterfaceOrientations_iPhone = "UIInterfaceOrientationPortrait UIInterfaceOrientationLandscapeLeft UIInterfaceOrientationLandscapeRight";
				LD_RUNPATH_SEARCH_PATHS = (
					"$(inherited)",
					"@executable_path/Frameworks",
				);
				MARKETING_VERSION = 1.0;
				PRODUCT_BUNDLE_IDENTIFIER = com.fastlanecicd.FastlaneCICD;
				PRODUCT_NAME = "$(TARGET_NAME)";
				SWIFT_EMIT_LOC_STRINGS = YES;
				SWIFT_VERSION = 5.0;
				TARGETED_DEVICE_FAMILY = "1,2";
			};
			name = Debug;
		};
		5C5195D02E80DB11009BAF05 /* Release */ = {
			isa = XCBuildConfiguration;
			baseConfigurationReference = 7E50000384C76864245A3655 /* Pods-FastlaneCICD.release.xcconfig */;
			buildSettings = {
				ASSETCATALOG_COMPILER_APPICON_NAME = AppIcon;
				ASSETCATALOG_COMPILER_GLOBAL_ACCENT_COLOR_NAME = AccentColor;
				CODE_SIGN_STYLE = Automatic;
				CURRENT_PROJECT_VERSION = 1;
				DEVELOPMENT_TEAM = UJRJQRKA3V;
				ENABLE_PREVIEWS = YES;
				GENERATE_INFOPLIST_FILE = YES;
				INFOPLIST_KEY_UIApplicationSceneManifest_Generation = YES;
				INFOPLIST_KEY_UIApplicationSupportsIndirectInputEvents = YES;
				INFOPLIST_KEY_UILaunchScreen_Generation = YES;
				INFOPLIST_KEY_UISupportedInterfaceOrientations_iPad = "UIInterfaceOrientationPortrait UIInterfaceOrientationPortraitUpsideDown UIInterfaceOrientationLandscapeLeft UIInterfaceOrientationLandscapeRight";
				INFOPLIST_KEY_UISupportedInterfaceOrientations_iPhone = "UIInterfaceOrientationPortrait UIInterfaceOrientationLandscapeLeft UIInterfaceOrientationLandscapeRight";
				LD_RUNPATH_SEARCH_PATHS = (
					"$(inherited)",
					"@executable_path/Frameworks",
				);
				MARKETING_VERSION = 1.0;
				PRODUCT_BUNDLE_IDENTIFIER = com.fastlanecicd.FastlaneCICD;
				PRODUCT_NAME = "$(TARGET_NAME)";
				SWIFT_EMIT_LOC_STRINGS = YES;
				SWIFT_VERSION = 5.0;
				TARGETED_DEVICE_FAMILY = "1,2";
			};
			name = Release;
		};
		5C5195D22E80DB11009BAF05 /* Debug */ = {
			isa = XCBuildConfiguration;
			baseConfigurationReference = C88BE27F1D0D896CFD28621F /* Pods-FastlaneCICDTests.debug.xcconfig */;
			buildSettings = {
				BUNDLE_LOADER = "$(TEST_HOST)";
				CODE_SIGN_STYLE = Automatic;
				CURRENT_PROJECT_VERSION = 1;
				DEVELOPMENT_TEAM = UJRJQRKA3V;
				GENERATE_INFOPLIST_FILE = YES;
				IPHONEOS_DEPLOYMENT_TARGET = 18.4;
				MARKETING_VERSION = 1.0;
				PRODUCT_BUNDLE_IDENTIFIER = com.fastlanecicd.FastlaneCICDTests;
				PRODUCT_NAME = "$(TARGET_NAME)";
				SWIFT_EMIT_LOC_STRINGS = NO;
				SWIFT_VERSION = 5.0;
				TARGETED_DEVICE_FAMILY = "1,2";
				TEST_HOST = "$(BUILT_PRODUCTS_DIR)/FastlaneCICD.app/$(BUNDLE_EXECUTABLE_FOLDER_PATH)/FastlaneCICD";
			};
			name = Debug;
		};
		5C5195D32E80DB11009BAF05 /* Release */ = {
			isa = XCBuildConfiguration;
			baseConfigurationReference = 66EB694F028FF32A4E97ABC3 /* Pods-FastlaneCICDTests.release.xcconfig */;
			buildSettings = {
				BUNDLE_LOADER = "$(TEST_HOST)";
				CODE_SIGN_STYLE = Automatic;
				CURRENT_PROJECT_VERSION = 1;
				DEVELOPMENT_TEAM = UJRJQRKA3V;
				GENERATE_INFOPLIST_FILE = YES;
				IPHONEOS_DEPLOYMENT_TARGET = 18.4;
				MARKETING_VERSION = 1.0;
				PRODUCT_BUNDLE_IDENTIFIER = com.fastlanecicd.FastlaneCICDTests;
				PRODUCT_NAME = "$(TARGET_NAME)";
				SWIFT_EMIT_LOC_STRINGS = NO;
				SWIFT_VERSION = 5.0;
				TARGETED_DEVICE_FAMILY = "1,2";
				TEST_HOST = "$(BUILT_PRODUCTS_DIR)/FastlaneCICD.app/$(BUNDLE_EXECUTABLE_FOLDER_PATH)/FastlaneCICD";
			};
			name = Release;
		};
		5C5195D52E80DB11009BAF05 /* Debug */ = {
			isa = XCBuildConfiguration;
			baseConfigurationReference = 53868492A1D7AE57AD4561DE /* Pods-FastlaneCICD-FastlaneCICDUITests.debug.xcconfig */;
			buildSettings = {
				CODE_SIGN_STYLE = Automatic;
				CURRENT_PROJECT_VERSION = 1;
				DEVELOPMENT_TEAM = UJRJQRKA3V;
				GENERATE_INFOPLIST_FILE = YES;
				MARKETING_VERSION = 1.0;
				PRODUCT_BUNDLE_IDENTIFIER = com.fastlanecicd.FastlaneCICDUITests;
				PRODUCT_NAME = "$(TARGET_NAME)";
				SWIFT_EMIT_LOC_STRINGS = NO;
				SWIFT_VERSION = 5.0;
				TARGETED_DEVICE_FAMILY = "1,2";
				TEST_TARGET_NAME = FastlaneCICD;
			};
			name = Debug;
		};
		5C5195D62E80DB11009BAF05 /* Release */ = {
			isa = XCBuildConfiguration;
			baseConfigurationReference = 10725530F4292B91A34D4D8A /* Pods-FastlaneCICD-FastlaneCICDUITests.release.xcconfig */;
			buildSettings = {
				CODE_SIGN_STYLE = Automatic;
				CURRENT_PROJECT_VERSION = 1;
				DEVELOPMENT_TEAM = UJRJQRKA3V;
				GENERATE_INFOPLIST_FILE = YES;
				MARKETING_VERSION = 1.0;
				PRODUCT_BUNDLE_IDENTIFIER = com.fastlanecicd.FastlaneCICDUITests;
				PRODUCT_NAME = "$(TARGET_NAME)";
				SWIFT_EMIT_LOC_STRINGS = NO;
				SWIFT_VERSION = 5.0;
				TARGETED_DEVICE_FAMILY = "1,2";
				TEST_TARGET_NAME = FastlaneCICD;
			};
			name = Release;
		};
/* End XCBuildConfiguration section */

/* Begin XCConfigurationList section */
		5C5195A32E80DB0F009BAF05 /* Build configuration list for PBXProject "FastlaneCICD" */ = {
			isa = XCConfigurationList;
			buildConfigurations = (
				5C5195CC2E80DB11009BAF05 /* Debug */,
				5C5195CD2E80DB11009BAF05 /* Release */,
			);
			defaultConfigurationIsVisible = 0;
			defaultConfigurationName = Release;
		};
		5C5195CE2E80DB11009BAF05 /* Build configuration list for PBXNativeTarget "FastlaneCICD" */ = {
			isa = XCConfigurationList;
			buildConfigurations = (
				5C5195CF2E80DB11009BAF05 /* Debug */,
				5C5195D02E80DB11009BAF05 /* Release */,
			);
			defaultConfigurationIsVisible = 0;
			defaultConfigurationName = Release;
		};
		5C5195D12E80DB11009BAF05 /* Build configuration list for PBXNativeTarget "FastlaneCICDTests" */ = {
			isa = XCConfigurationList;
			buildConfigurations = (
				5C5195D22E80DB11009BAF05 /* Debug */,
				5C5195D32E80DB11009BAF05 /* Release */,
			);
			defaultConfigurationIsVisible = 0;
			defaultConfigurationName = Release;
		};
		5C5195D42E80DB11009BAF05 /* Build configuration list for PBXNativeTarget "FastlaneCICDUITests" */ = {
			isa = XCConfigurationList;
			buildConfigurations = (
				5C5195D52E80DB11009BAF05 /* Debug */,
				5C5195D62E80DB11009BAF05 /* Release */,
			);
			defaultConfigurationIsVisible = 0;
			defaultConfigurationName = Release;
		};
/* End XCConfigurationList section */
	};
	rootObject = 5C5195A02E80DB0F009BAF05 /* Project object */;
}
